
Microsoft Visual Studio Solution File, Format Version 12.00
# Visual Studio Version 17
VisualStudioVersion = 17.4.33213.308
MinimumVisualStudioVersion = 10.0.40219.1
Project("{FAE04EC0-301F-11D3-BF4B-00C04F79EFBC}") = "Solid.WebAPI", "Solid.WebAPI\Solid.WebAPI.csproj", "{23978A9F-E45F-4053-8C52-C555E943C14C}"
EndProject
Project("{FAE04EC0-301F-11D3-BF4B-00C04F79EFBC}") = "Solid.SqliteProvider", "Solid.SqliteProvider\Solid.SqliteProvider.csproj", "{C492040D-9E73-4CFC-B60A-4ABDF85C7FDC}"
EndProject
Project("{FAE04EC0-301F-11D3-BF4B-00C04F79EFBC}") = "Solid.UI", "Solid.UI\Solid.UI.csproj", "{531C51B7-4855-4D95-890F-7C4CEB14550F}"
EndProject
Global
	GlobalSection(SolutionConfigurationPlatforms) = preSolution
		Debug|Any CPU = Debug|Any CPU
		Release|Any CPU = Release|Any CPU
	EndGlobalSection
	GlobalSection(ProjectConfigurationPlatforms) = postSolution
		{23978A9F-E45F-4053-8C52-C555E943C14C}.Debug|Any CPU.ActiveCfg = Debug|Any CPU
		{23978A9F-E45F-4053-8C52-C555E943C14C}.Debug|Any CPU.Build.0 = Debug|Any CPU
		{23978A9F-E45F-4053-8C52-C555E943C14C}.Release|Any CPU.ActiveCfg = Release|Any CPU
		{23978A9F-E45F-4053-8C52-C555E943C14C}.Release|Any CPU.Build.0 = Release|Any CPU
		{C492040D-9E73-4CFC-B60A-4ABDF85C7FDC}.Debug|Any CPU.ActiveCfg = Debug|Any CPU
		{C492040D-9E73-4CFC-B60A-4ABDF85C7FDC}.Debug|Any CPU.Build.0 = Debug|Any CPU
		{C492040D-9E73-4CFC-B60A-4ABDF85C7FDC}.Release|Any CPU.ActiveCfg = Release|Any CPU
		{C492040D-9E73-4CFC-B60A-4ABDF85C7FDC}.Release|Any CPU.Build.0 = Release|Any CPU
		{531C51B7-4855-4D95-890F-7C4CEB14550F}.Debug|Any CPU.ActiveCfg = Debug|Any CPU
		{531C51B7-4855-4D95-890F-7C4CEB14550F}.Debug|Any CPU.Build.0 = Debug|Any CPU
		{531C51B7-4855-4D95-890F-7C4CEB14550F}.Release|Any CPU.ActiveCfg = Release|Any CPU
		{531C51B7-4855-4D95-890F-7C4CEB14550F}.Release|Any CPU.Build.0 = Release|Any CPU
	EndGlobalSection
	GlobalSection(SolutionProperties) = preSolution
		HideSolutionNode = FALSE
	EndGlobalSection
	GlobalSection(ExtensibilityGlobals) = postSolution
		SolutionGuid = {B562BAC6-8159-429E-97AD-E6FBA6CA6A19}
	EndGlobalSection
EndGlobal
